// !$*UTF8*$!
{
	archiveVersion = 1;
	classes = {
	};
	objectVersion = 56;
	objects = {

/* Begin PBXBuildFile section */
		06A6DBE9BDF53AD0CCA03F0D /* Pods_NewsAPI.framework in Frameworks */ = {isa = PBXBuildFile; fileRef = B46D348655F472F47651C600 /* Pods_NewsAPI.framework */; };
		7E16D9F529B53B2000FFA00F /* AppDelegate.swift in Sources */ = {isa = PBXBuildFile; fileRef = 7E16D9F429B53B2000FFA00F /* AppDelegate.swift */; };
		7E16D9F729B53B2000FFA00F /* SceneDelegate.swift in Sources */ = {isa = PBXBuildFile; fileRef = 7E16D9F629B53B2000FFA00F /* SceneDelegate.swift */; };
		7E16D9F929B53B2000FFA00F /* ViewController.swift in Sources */ = {isa = PBXBuildFile; fileRef = 7E16D9F829B53B2000FFA00F /* ViewController.swift */; };
		7E16D9FC29B53B2000FFA00F /* Main.storyboard in Resources */ = {isa = PBXBuildFile; fileRef = 7E16D9FA29B53B2000FFA00F /* Main.storyboard */; };
		7E16D9FE29B53B2100FFA00F /* Assets.xcassets in Resources */ = {isa = PBXBuildFile; fileRef = 7E16D9FD29B53B2100FFA00F /* Assets.xcassets */; };
		7E16DA0129B53B2100FFA00F /* LaunchScreen.storyboard in Resources */ = {isa = PBXBuildFile; fileRef = 7E16D9FF29B53B2100FFA00F /* LaunchScreen.storyboard */; };
		7E16DA0929B53C6100FFA00F /* APICaller.swift in Sources */ = {isa = PBXBuildFile; fileRef = 7E16DA0829B53C6000FFA00F /* APICaller.swift */; };
		7E16DA0B29B611E000FFA00F /* NewsTableViewCell.swift in Sources */ = {isa = PBXBuildFile; fileRef = 7E16DA0A29B611E000FFA00F /* NewsTableViewCell.swift */; };
		7E26084229C4D83A00B9AB2E /* ArticleData.swift in Sources */ = {isa = PBXBuildFile; fileRef = 7E26084129C4D83A00B9AB2E /* ArticleData.swift */; };
		7E26084629C4DB9000B9AB2E /* SideMenuListController.swift in Sources */ = {isa = PBXBuildFile; fileRef = 7E26084529C4DB8F00B9AB2E /* SideMenuListController.swift */; };
/* End PBXBuildFile section */

/* Begin PBXFileReference section */
		7E16D9F129B53B2000FFA00F /* NewsAPI.app */ = {isa = PBXFileReference; explicitFileType = wrapper.application; includeInIndex = 0; path = NewsAPI.app; sourceTree = BUILT_PRODUCTS_DIR; };
		7E16D9F429B53B2000FFA00F /* AppDelegate.swift */ = {isa = PBXFileReference; lastKnownFileType = sourcecode.swift; path = AppDelegate.swift; sourceTree = "<group>"; };
		7E16D9F629B53B2000FFA00F /* SceneDelegate.swift */ = {isa = PBXFileReference; lastKnownFileType = sourcecode.swift; path = SceneDelegate.swift; sourceTree = "<group>"; };
		7E16D9F829B53B2000FFA00F /* ViewController.swift */ = {isa = PBXFileReference; lastKnownFileType = sourcecode.swift; path = ViewController.swift; sourceTree = "<group>"; };
		7E16D9FB29B53B2000FFA00F /* Base */ = {isa = PBXFileReference; lastKnownFileType = file.storyboard; name = Base; path = Base.lproj/Main.storyboard; sourceTree = "<group>"; };
		7E16D9FD29B53B2100FFA00F /* Assets.xcassets */ = {isa = PBXFileReference; lastKnownFileType = folder.assetcatalog; path = Assets.xcassets; sourceTree = "<group>"; };
		7E16DA0029B53B2100FFA00F /* Base */ = {isa = PBXFileReference; lastKnownFileType = file.storyboard; name = Base; path = Base.lproj/LaunchScreen.storyboard; sourceTree = "<group>"; };
		7E16DA0229B53B2100FFA00F /* Info.plist */ = {isa = PBXFileReference; lastKnownFileType = text.plist.xml; path = Info.plist; sourceTree = "<group>"; };
		7E16DA0829B53C6000FFA00F /* APICaller.swift */ = {isa = PBXFileReference; lastKnownFileType = sourcecode.swift; path = APICaller.swift; sourceTree = "<group>"; };
		7E16DA0A29B611E000FFA00F /* NewsTableViewCell.swift */ = {isa = PBXFileReference; lastKnownFileType = sourcecode.swift; path = NewsTableViewCell.swift; sourceTree = "<group>"; };
		7E26084129C4D83A00B9AB2E /* ArticleData.swift */ = {isa = PBXFileReference; lastKnownFileType = sourcecode.swift; path = ArticleData.swift; sourceTree = "<group>"; };
		7E26084529C4DB8F00B9AB2E /* SideMenuListController.swift */ = {isa = PBXFileReference; lastKnownFileType = sourcecode.swift; path = SideMenuListController.swift; sourceTree = "<group>"; };
		9B7315082D559F335DDDD24F /* Pods-NewsAPI.release.xcconfig */ = {isa = PBXFileReference; includeInIndex = 1; lastKnownFileType = text.xcconfig; name = "Pods-NewsAPI.release.xcconfig"; path = "Target Support Files/Pods-NewsAPI/Pods-NewsAPI.release.xcconfig"; sourceTree = "<group>"; };
		B46D348655F472F47651C600 /* Pods_NewsAPI.framework */ = {isa = PBXFileReference; explicitFileType = wrapper.framework; includeInIndex = 0; path = Pods_NewsAPI.framework; sourceTree = BUILT_PRODUCTS_DIR; };
		E2083DA859C2436DF48611AD /* Pods-NewsAPI.debug.xcconfig */ = {isa = PBXFileReference; includeInIndex = 1; lastKnownFileType = text.xcconfig; name = "Pods-NewsAPI.debug.xcconfig"; path = "Target Support Files/Pods-NewsAPI/Pods-NewsAPI.debug.xcconfig"; sourceTree = "<group>"; };
/* End PBXFileReference section */

/* Begin PBXFrameworksBuildPhase section */
		7E16D9EE29B53B2000FFA00F /* Frameworks */ = {
			isa = PBXFrameworksBuildPhase;
			buildActionMask = 2147483647;
			files = (
				06A6DBE9BDF53AD0CCA03F0D /* Pods_NewsAPI.framework in Frameworks */,
			);
			runOnlyForDeploymentPostprocessing = 0;
		};
/* End PBXFrameworksBuildPhase section */

/* Begin PBXGroup section */
		4536ADB398D6CD70D1843283 /* Frameworks */ = {
			isa = PBXGroup;
			children = (
				B46D348655F472F47651C600 /* Pods_NewsAPI.framework */,
			);
			name = Frameworks;
			sourceTree = "<group>";
		};
		7E16D9E829B53B2000FFA00F = {
			isa = PBXGroup;
			children = (
				7E16D9F329B53B2000FFA00F /* NewsAPI */,
				7E16D9F229B53B2000FFA00F /* Products */,
				8611E3B232C4FAF9197D0835 /* Pods */,
				4536ADB398D6CD70D1843283 /* Frameworks */,
			);
			sourceTree = "<group>";
		};
		7E16D9F229B53B2000FFA00F /* Products */ = {
			isa = PBXGroup;
			children = (
				7E16D9F129B53B2000FFA00F /* NewsAPI.app */,
			);
			name = Products;
			sourceTree = "<group>";
		};
		7E16D9F329B53B2000FFA00F /* NewsAPI */ = {
			isa = PBXGroup;
			children = (
				7E26084029C4D81000B9AB2E /* Model */,
				7E26083E29BDD75600B9AB2E /* Controller */,
				7E16D9F429B53B2000FFA00F /* AppDelegate.swift */,
				7E16D9F629B53B2000FFA00F /* SceneDelegate.swift */,
				7E26083F29BDD77200B9AB2E /* View */,
				7E16D9FD29B53B2100FFA00F /* Assets.xcassets */,
				7E16D9FF29B53B2100FFA00F /* LaunchScreen.storyboard */,
				7E16DA0229B53B2100FFA00F /* Info.plist */,
			);
			path = NewsAPI;
			sourceTree = "<group>";
		};
		7E26083E29BDD75600B9AB2E /* Controller */ = {
			isa = PBXGroup;
			children = (
				7E16D9F829B53B2000FFA00F /* ViewController.swift */,
				7E26084529C4DB8F00B9AB2E /* SideMenuListController.swift */,
			);
			path = Controller;
			sourceTree = "<group>";
		};
		7E26083F29BDD77200B9AB2E /* View */ = {
			isa = PBXGroup;
			children = (
				7E16DA0A29B611E000FFA00F /* NewsTableViewCell.swift */,
				7E16D9FA29B53B2000FFA00F /* Main.storyboard */,
			);
			path = View;
			sourceTree = "<group>";
		};
		7E26084029C4D81000B9AB2E /* Model */ = {
			isa = PBXGroup;
			children = (
				7E16DA0829B53C6000FFA00F /* APICaller.swift */,
				7E26084129C4D83A00B9AB2E /* ArticleData.swift */,
			);
			path = Model;
			sourceTree = "<group>";
		};
		8611E3B232C4FAF9197D0835 /* Pods */ = {
			isa = PBXGroup;
			children = (
				E2083DA859C2436DF48611AD /* Pods-NewsAPI.debug.xcconfig */,
				9B7315082D559F335DDDD24F /* Pods-NewsAPI.release.xcconfig */,
			);
			path = Pods;
			sourceTree = "<group>";
		};
/* End PBXGroup section */

/* Begin PBXNativeTarget section */
		7E16D9F029B53B2000FFA00F /* NewsAPI */ = {
			isa = PBXNativeTarget;
			buildConfigurationList = 7E16DA0529B53B2100FFA00F /* Build configuration list for PBXNativeTarget "NewsAPI" */;
			buildPhases = (
				DA30CFC59936A61365F40B6A /* [CP] Check Pods Manifest.lock */,
				7E16D9ED29B53B2000FFA00F /* Sources */,
				7E16D9EE29B53B2000FFA00F /* Frameworks */,
				7E16D9EF29B53B2000FFA00F /* Resources */,
				518AF1377E086622A2E4CA97 /* [CP] Embed Pods Frameworks */,
			);
			buildRules = (
			);
			dependencies = (
			);
			name = NewsAPI;
			productName = NewsAPI;
			productReference = 7E16D9F129B53B2000FFA00F /* NewsAPI.app */;
			productType = "com.apple.product-type.application";
		};
/* End PBXNativeTarget section */

/* Begin PBXProject section */
		7E16D9E929B53B2000FFA00F /* Project object */ = {
			isa = PBXProject;
			attributes = {
				BuildIndependentTargetsInParallel = 1;
				LastSwiftUpdateCheck = 1410;
				LastUpgradeCheck = 1410;
				TargetAttributes = {
					7E16D9F029B53B2000FFA00F = {
						CreatedOnToolsVersion = 14.1;
					};
				};
			};
			buildConfigurationList = 7E16D9EC29B53B2000FFA00F /* Build configuration list for PBXProject "NewsAPI" */;
			compatibilityVersion = "Xcode 14.0";
			developmentRegion = en;
			hasScannedForEncodings = 0;
			knownRegions = (
				en,
				Base,
			);
			mainGroup = 7E16D9E829B53B2000FFA00F;
			productRefGroup = 7E16D9F229B53B2000FFA00F /* Products */;
			projectDirPath = "";
			projectRoot = "";
			targets = (
				7E16D9F029B53B2000FFA00F /* NewsAPI */,
			);
		};
/* End PBXProject section */

/* Begin PBXResourcesBuildPhase section */
		7E16D9EF29B53B2000FFA00F /* Resources */ = {
			isa = PBXResourcesBuildPhase;
			buildActionMask = 2147483647;
			files = (
				7E16DA0129B53B2100FFA00F /* LaunchScreen.storyboard in Resources */,
				7E16D9FE29B53B2100FFA00F /* Assets.xcassets in Resources */,
				7E16D9FC29B53B2000FFA00F /* Main.storyboard in Resources */,
			);
			runOnlyForDeploymentPostprocessing = 0;
		};
/* End PBXResourcesBuildPhase section */

/* Begin PBXShellScriptBuildPhase section */
		518AF1377E086622A2E4CA97 /* [CP] Embed Pods Frameworks */ = {
			isa = PBXShellScriptBuildPhase;
			buildActionMask = 2147483647;
			files = (
			);
			inputFileListPaths = (
				"${PODS_ROOT}/Target Support Files/Pods-NewsAPI/Pods-NewsAPI-frameworks-${CONFIGURATION}-input-files.xcfilelist",
			);
			name = "[CP] Embed Pods Frameworks";
			outputFileListPaths = (
				"${PODS_ROOT}/Target Support Files/Pods-NewsAPI/Pods-NewsAPI-frameworks-${CONFIGURATION}-output-files.xcfilelist",
			);
			runOnlyForDeploymentPostprocessing = 0;
			shellPath = /bin/sh;
			shellScript = "\"${PODS_ROOT}/Target Support Files/Pods-NewsAPI/Pods-NewsAPI-frameworks.sh\"\n";
			showEnvVarsInLog = 0;
		};
		DA30CFC59936A61365F40B6A /* [CP] Check Pods Manifest.lock */ = {
			isa = PBXShellScriptBuildPhase;
			buildActionMask = 2147483647;
			files = (
			);
			inputFileListPaths = (
			);
			inputPaths = (
				"${PODS_PODFILE_DIR_PATH}/Podfile.lock",
				"${PODS_ROOT}/Manifest.lock",
			);
			name = "[CP] Check Pods Manifest.lock";
			outputFileListPaths = (
			);
			outputPaths = (
				"$(DERIVED_FILE_DIR)/Pods-NewsAPI-checkManifestLockResult.txt",
			);
			runOnlyForDeploymentPostprocessing = 0;
			shellPath = /bin/sh;
			shellScript = "diff \"${PODS_PODFILE_DIR_PATH}/Podfile.lock\" \"${PODS_ROOT}/Manifest.lock\" > /dev/null\nif [ $? != 0 ] ; then\n    # print error to STDERR\n    echo \"error: The sandbox is not in sync with the Podfile.lock. Run 'pod install' or update your CocoaPods installation.\" >&2\n    exit 1\nfi\n# This output is used by Xcode 'outputs' to avoid re-running this script phase.\necho \"SUCCESS\" > \"${SCRIPT_OUTPUT_FILE_0}\"\n";
			showEnvVarsInLog = 0;
		};
/* End PBXShellScriptBuildPhase section */

/* Begin PBXSourcesBuildPhase section */
		7E16D9ED29B53B2000FFA00F /* Sources */ = {
			isa = PBXSourcesBuildPhase;
			buildActionMask = 2147483647;
			files = (
				7E16D9F929B53B2000FFA00F /* ViewController.swift in Sources */,
				7E16D9F529B53B2000FFA00F /* AppDelegate.swift in Sources */,
				7E16DA0B29B611E000FFA00F /* NewsTableViewCell.swift in Sources */,
				7E26084629C4DB9000B9AB2E /* SideMenuListController.swift in Sources */,
				7E16D9F729B53B2000FFA00F /* SceneDelegate.swift in Sources */,
				7E26084229C4D83A00B9AB2E /* ArticleData.swift in Sources */,
				7E16DA0929B53C6100FFA00F /* APICaller.swift in Sources */,
			);
			runOnlyForDeploymentPostprocessing = 0;
		};
/* End PBXSourcesBuildPhase section */

/* Begin PBXVariantGroup section */
		7E16D9FA29B53B2000FFA00F /* Main.storyboard */ = {
			isa = PBXVariantGroup;
			children = (
				7E16D9FB29B53B2000FFA00F /* Base */,
			);
			name = Main.storyboard;
			sourceTree = "<group>";
		};
		7E16D9FF29B53B2100FFA00F /* LaunchScreen.storyboard */ = {
			isa = PBXVariantGroup;
			children = (
				7E16DA0029B53B2100FFA00F /* Base */,
			);
			name = LaunchScreen.storyboard;
			sourceTree = "<group>";
		};
/* End PBXVariantGroup section */

/* Begin XCBuildConfiguration section */
		7E16DA0329B53B2100FFA00F /* Debug */ = {
			isa = XCBuildConfiguration;
			buildSettings = {
				ALWAYS_SEARCH_USER_PATHS = NO;
				CLANG_ANALYZER_NONNULL = YES;
				CLANG_ANALYZER_NUMBER_OBJECT_CONVERSION = YES_AGGRESSIVE;
				CLANG_CXX_LANGUAGE_STANDARD = "gnu++20";
				CLANG_ENABLE_MODULES = YES;
				CLANG_ENABLE_OBJC_ARC = YES;
				CLANG_ENABLE_OBJC_WEAK = YES;
				CLANG_WARN_BLOCK_CAPTURE_AUTORELEASING = YES;
				CLANG_WARN_BOOL_CONVERSION = YES;
				CLANG_WARN_COMMA = YES;
				CLANG_WARN_CONSTANT_CONVERSION = YES;
				CLANG_WARN_DEPRECATED_OBJC_IMPLEMENTATIONS = YES;
				CLANG_WARN_DIRECT_OBJC_ISA_USAGE = YES_ERROR;
				CLANG_WARN_DOCUMENTATION_COMMENTS = YES;
				CLANG_WARN_EMPTY_BODY = YES;
				CLANG_WARN_ENUM_CONVERSION = YES;
				CLANG_WARN_INFINITE_RECURSION = YES;
				CLANG_WARN_INT_CONVERSION = YES;
				CLANG_WARN_NON_LITERAL_NULL_CONVERSION = YES;
				CLANG_WARN_OBJC_IMPLICIT_RETAIN_SELF = YES;
				CLANG_WARN_OBJC_LITERAL_CONVERSION = YES;
				CLANG_WARN_OBJC_ROOT_CLASS = YES_ERROR;
				CLANG_WARN_QUOTED_INCLUDE_IN_FRAMEWORK_HEADER = YES;
				CLANG_WARN_RANGE_LOOP_ANALYSIS = YES;
				CLANG_WARN_STRICT_PROTOTYPES = YES;
				CLANG_WARN_SUSPICIOUS_MOVE = YES;
				CLANG_WARN_UNGUARDED_AVAILABILITY = YES_AGGRESSIVE;
				CLANG_WARN_UNREACHABLE_CODE = YES;
				CLANG_WARN__DUPLICATE_METHOD_MATCH = YES;
				COPY_PHASE_STRIP = NO;
				DEBUG_INFORMATION_FORMAT = dwarf;
				ENABLE_STRICT_OBJC_MSGSEND = YES;
				ENABLE_TESTABILITY = YES;
				GCC_C_LANGUAGE_STANDARD = gnu11;
				GCC_DYNAMIC_NO_PIC = NO;
				GCC_NO_COMMON_BLOCKS = YES;
				GCC_OPTIMIZATION_LEVEL = 0;
				GCC_PREPROCESSOR_DEFINITIONS = (
					"DEBUG=1",
					"$(inherited)",
				);
				GCC_WARN_64_TO_32_BIT_CONVERSION = YES;
				GCC_WARN_ABOUT_RETURN_TYPE = YES_ERROR;
				GCC_WARN_UNDECLARED_SELECTOR = YES;
				GCC_WARN_UNINITIALIZED_AUTOS = YES_AGGRESSIVE;
				GCC_WARN_UNUSED_FUNCTION = YES;
				GCC_WARN_UNUSED_VARIABLE = YES;
				IPHONEOS_DEPLOYMENT_TARGET = 16.1;
				MTL_ENABLE_DEBUG_INFO = INCLUDE_SOURCE;
				MTL_FAST_MATH = YES;
				ONLY_ACTIVE_ARCH = YES;
				SDKROOT = iphoneos;
				SWIFT_ACTIVE_COMPILATION_CONDITIONS = DEBUG;
				SWIFT_OPTIMIZATION_LEVEL = "-Onone";
			};
			name = Debug;
		};
		7E16DA0429B53B2100FFA00F /* Release */ = {
			isa = XCBuildConfiguration;
			buildSettings = {
				ALWAYS_SEARCH_USER_PATHS = NO;
				CLANG_ANALYZER_NONNULL = YES;
				CLANG_ANALYZER_NUMBER_OBJECT_CONVERSION = YES_AGGRESSIVE;
				CLANG_CXX_LANGUAGE_STANDARD = "gnu++20";
				CLANG_ENABLE_MODULES = YES;
				CLANG_ENABLE_OBJC_ARC = YES;
				CLANG_ENABLE_OBJC_WEAK = YES;
				CLANG_WARN_BLOCK_CAPTURE_AUTORELEASING = YES;
				CLANG_WARN_BOOL_CONVERSION = YES;
				CLANG_WARN_COMMA = YES;
				CLANG_WARN_CONSTANT_CONVERSION = YES;
				CLANG_WARN_DEPRECATED_OBJC_IMPLEMENTATIONS = YES;
				CLANG_WARN_DIRECT_OBJC_ISA_USAGE = YES_ERROR;
				CLANG_WARN_DOCUMENTATION_COMMENTS = YES;
				CLANG_WARN_EMPTY_BODY = YES;
				CLANG_WARN_ENUM_CONVERSION = YES;
				CLANG_WARN_INFINITE_RECURSION = YES;
				CLANG_WARN_INT_CONVERSION = YES;
				CLANG_WARN_NON_LITERAL_NULL_CONVERSION = YES;
				CLANG_WARN_OBJC_IMPLICIT_RETAIN_SELF = YES;
				CLANG_WARN_OBJC_LITERAL_CONVERSION = YES;
				CLANG_WARN_OBJC_ROOT_CLASS = YES_ERROR;
				CLANG_WARN_QUOTED_INCLUDE_IN_FRAMEWORK_HEADER = YES;
				CLANG_WARN_RANGE_LOOP_ANALYSIS = YES;
				CLANG_WARN_STRICT_PROTOTYPES = YES;
				CLANG_WARN_SUSPICIOUS_MOVE = YES;
				CLANG_WARN_UNGUARDED_AVAILABILITY = YES_AGGRESSIVE;
				CLANG_WARN_UNREACHABLE_CODE = YES;
				CLANG_WARN__DUPLICATE_METHOD_MATCH = YES;
				COPY_PHASE_STRIP = NO;
				DEBUG_INFORMATION_FORMAT = "dwarf-with-dsym";
				ENABLE_NS_ASSERTIONS = NO;
				ENABLE_STRICT_OBJC_MSGSEND = YES;
				GCC_C_LANGUAGE_STANDARD = gnu11;
				GCC_NO_COMMON_BLOCKS = YES;
				GCC_WARN_64_TO_32_BIT_CONVERSION = YES;
				GCC_WARN_ABOUT_RETURN_TYPE = YES_ERROR;
				GCC_WARN_UNDECLARED_SELECTOR = YES;
				GCC_WARN_UNINITIALIZED_AUTOS = YES_AGGRESSIVE;
				GCC_WARN_UNUSED_FUNCTION = YES;
				GCC_WARN_UNUSED_VARIABLE = YES;
				IPHONEOS_DEPLOYMENT_TARGET = 16.1;
				MTL_ENABLE_DEBUG_INFO = NO;
				MTL_FAST_MATH = YES;
				SDKROOT = iphoneos;
				SWIFT_COMPILATION_MODE = wholemodule;
				SWIFT_OPTIMIZATION_LEVEL = "-O";
				VALIDATE_PRODUCT = YES;
			};
			name = Release;
		};
		7E16DA0629B53B2100FFA00F /* Debug */ = {
			isa = XCBuildConfiguration;
			baseConfigurationReference = E2083DA859C2436DF48611AD /* Pods-NewsAPI.debug.xcconfig */;
			buildSettings = {
				ASSETCATALOG_COMPILER_APPICON_NAME = AppIcon;
				ASSETCATALOG_COMPILER_GLOBAL_ACCENT_COLOR_NAME = AccentColor;
				CODE_SIGN_STYLE = Automatic;
				CURRENT_PROJECT_VERSION = 1;
				DEVELOPMENT_TEAM = 8VDCUMRDRN;
				GENERATE_INFOPLIST_FILE = YES;
				INFOPLIST_FILE = NewsAPI/Info.plist;
				INFOPLIST_KEY_UIApplicationSupportsIndirectInputEvents = YES;
				INFOPLIST_KEY_UILaunchStoryboardName = LaunchScreen;
				INFOPLIST_KEY_UIMainStoryboardFile = Main;
				INFOPLIST_KEY_UISupportedInterfaceOrientations_iPad = "UIInterfaceOrientationPortrait UIInterfaceOrientationPortraitUpsideDown UIInterfaceOrientationLandscapeLeft UIInterfaceOrientationLandscapeRight";
				INFOPLIST_KEY_UISupportedInterfaceOrientations_iPhone = "UIInterfaceOrientationPortrait UIInterfaceOrientationLandscapeLeft UIInterfaceOrientationLandscapeRight";
				LD_RUNPATH_SEARCH_PATHS = (
					"$(inherited)",
					"@executable_path/Frameworks",
				);
				MARKETING_VERSION = 1.0;
				PRODUCT_BUNDLE_IDENTIFIER = com.saruar.NewsAPI;
				PRODUCT_NAME = "$(TARGET_NAME)";
				SWIFT_EMIT_LOC_STRINGS = YES;
				SWIFT_VERSION = 5.0;
				TARGETED_DEVICE_FAMILY = "1,2";
			};
			name = Debug;
		};
		7E16DA0729B53B2100FFA00F /* Release */ = {
			isa = XCBuildConfiguration;
			baseConfigurationReference = 9B7315082D559F335DDDD24F /* Pods-NewsAPI.release.xcconfig */;
			buildSettings = {
				ASSETCATALOG_COMPILER_APPICON_NAME = AppIcon;
				ASSETCATALOG_COMPILER_GLOBAL_ACCENT_COLOR_NAME = AccentColor;
				CODE_SIGN_STYLE = Automatic;
				CURRENT_PROJECT_VERSION = 1;
				DEVELOPMENT_TEAM = 8VDCUMRDRN;
				GENERATE_INFOPLIST_FILE = YES;
				INFOPLIST_FILE = NewsAPI/Info.plist;
				INFOPLIST_KEY_UIApplicationSupportsIndirectInputEvents = YES;
				INFOPLIST_KEY_UILaunchStoryboardName = LaunchScreen;
				INFOPLIST_KEY_UIMainStoryboardFile = Main;
				INFOPLIST_KEY_UISupportedInterfaceOrientations_iPad = "UIInterfaceOrientationPortrait UIInterfaceOrientationPortraitUpsideDown UIInterfaceOrientationLandscapeLeft UIInterfaceOrientationLandscapeRight";
				INFOPLIST_KEY_UISupportedInterfaceOrientations_iPhone = "UIInterfaceOrientationPortrait UIInterfaceOrientationLandscapeLeft UIInterfaceOrientationLandscapeRight";
				LD_RUNPATH_SEARCH_PATHS = (
					"$(inherited)",
					"@executable_path/Frameworks",
				);
				MARKETING_VERSION = 1.0;
				PRODUCT_BUNDLE_IDENTIFIER = com.saruar.NewsAPI;
				PRODUCT_NAME = "$(TARGET_NAME)";
				SWIFT_EMIT_LOC_STRINGS = YES;
				SWIFT_VERSION = 5.0;
				TARGETED_DEVICE_FAMILY = "1,2";
			};
			name = Release;
		};
/* End XCBuildConfiguration section */

/* Begin XCConfigurationList section */
		7E16D9EC29B53B2000FFA00F /* Build configuration list for PBXProject "NewsAPI" */ = {
			isa = XCConfigurationList;
			buildConfigurations = (
				7E16DA0329B53B2100FFA00F /* Debug */,
				7E16DA0429B53B2100FFA00F /* Release */,
			);
			defaultConfigurationIsVisible = 0;
			defaultConfigurationName = Release;
		};
		7E16DA0529B53B2100FFA00F /* Build configuration list for PBXNativeTarget "NewsAPI" */ = {
			isa = XCConfigurationList;
			buildConfigurations = (
				7E16DA0629B53B2100FFA00F /* Debug */,
				7E16DA0729B53B2100FFA00F /* Release */,
			);
			defaultConfigurationIsVisible = 0;
			defaultConfigurationName = Release;
		};
/* End XCConfigurationList section */
	};
	rootObject = 7E16D9E929B53B2000FFA00F /* Project object */;
}
